
Microsoft Visual Studio Solution File, Format Version 12.00
# Visual Studio 15
VisualStudioVersion = 15.0.28307.271
MinimumVisualStudioVersion = 10.0.40219.1
Project("{9A19103F-16F7-4668-BE54-9A1E7A4F7556}") = "Portal", "Portal\Portal.csproj", "{1B1A2115-52D5-46EA-9593-17CFD1380E1D}"
EndProject
Project("{9A19103F-16F7-4668-BE54-9A1E7A4F7556}") = "Portal.Domain", "Portal.Domain\Portal.Domain.csproj", "{E4D19E66-16AF-4912-A460-84B8F06271AD}"
EndProject
Project("{9A19103F-16F7-4668-BE54-9A1E7A4F7556}") = "Portal.Business", "Portal.Business\Portal.Business.csproj", "{C1C06184-0BD0-41E1-A5C8-4B2A5CC172F0}"
EndProject
Project("{9A19103F-16F7-4668-BE54-9A1E7A4F7556}") = "Portal.AddMigration", "Portal.Migration\Portal.AddMigration.csproj", "{B62F831D-480A-4EDC-BBC4-B12C2B995093}"
EndProject
Project("{9A19103F-16F7-4668-BE54-9A1E7A4F7556}") = "Portal.API", "Portal.API\Portal.API.csproj", "{40CFA47A-7273-4D90-989F-77BFDDB31A3E}"
EndProject
Global
	GlobalSection(SolutionConfigurationPlatforms) = preSolution
		Debug|Any CPU = Debug|Any CPU
		Release|Any CPU = Release|Any CPU
	EndGlobalSection
	GlobalSection(ProjectConfigurationPlatforms) = postSolution
		{1B1A2115-52D5-46EA-9593-17CFD1380E1D}.Debug|Any CPU.ActiveCfg = Debug|Any CPU
		{1B1A2115-52D5-46EA-9593-17CFD1380E1D}.Debug|Any CPU.Build.0 = Debug|Any CPU
		{1B1A2115-52D5-46EA-9593-17CFD1380E1D}.Release|Any CPU.ActiveCfg = Release|Any CPU
		{1B1A2115-52D5-46EA-9593-17CFD1380E1D}.Release|Any CPU.Build.0 = Release|Any CPU
		{E4D19E66-16AF-4912-A460-84B8F06271AD}.Debug|Any CPU.ActiveCfg = Debug|Any CPU
		{E4D19E66-16AF-4912-A460-84B8F06271AD}.Debug|Any CPU.Build.0 = Debug|Any CPU
		{E4D19E66-16AF-4912-A460-84B8F06271AD}.Release|Any CPU.ActiveCfg = Release|Any CPU
		{E4D19E66-16AF-4912-A460-84B8F06271AD}.Release|Any CPU.Build.0 = Release|Any CPU
		{C1C06184-0BD0-41E1-A5C8-4B2A5CC172F0}.Debug|Any CPU.ActiveCfg = Debug|Any CPU
		{C1C06184-0BD0-41E1-A5C8-4B2A5CC172F0}.Debug|Any CPU.Build.0 = Debug|Any CPU
		{C1C06184-0BD0-41E1-A5C8-4B2A5CC172F0}.Release|Any CPU.ActiveCfg = Release|Any CPU
		{C1C06184-0BD0-41E1-A5C8-4B2A5CC172F0}.Release|Any CPU.Build.0 = Release|Any CPU
		{B62F831D-480A-4EDC-BBC4-B12C2B995093}.Debug|Any CPU.ActiveCfg = Debug|Any CPU
		{B62F831D-480A-4EDC-BBC4-B12C2B995093}.Debug|Any CPU.Build.0 = Debug|Any CPU
		{B62F831D-480A-4EDC-BBC4-B12C2B995093}.Release|Any CPU.ActiveCfg = Release|Any CPU
		{B62F831D-480A-4EDC-BBC4-B12C2B995093}.Release|Any CPU.Build.0 = Release|Any CPU
		{40CFA47A-7273-4D90-989F-77BFDDB31A3E}.Debug|Any CPU.ActiveCfg = Debug|Any CPU
		{40CFA47A-7273-4D90-989F-77BFDDB31A3E}.Debug|Any CPU.Build.0 = Debug|Any CPU
		{40CFA47A-7273-4D90-989F-77BFDDB31A3E}.Release|Any CPU.ActiveCfg = Release|Any CPU
		{40CFA47A-7273-4D90-989F-77BFDDB31A3E}.Release|Any CPU.Build.0 = Release|Any CPU
	EndGlobalSection
	GlobalSection(SolutionProperties) = preSolution
		HideSolutionNode = FALSE
	EndGlobalSection
	GlobalSection(ExtensibilityGlobals) = postSolution
		SolutionGuid = {C062FD9F-40B0-4235-84C6-390A896D52B6}
	EndGlobalSection
EndGlobal
